PODS:
  - Starscream (4.0.4)
  - VideoSDKRTC (1.2.3):
    - Starscream

DEPENDENCIES:
  - VideoSDKRTC (from `https://github.com/videosdk-live/videosdk-rtc-ios-sdk.git`)

SPEC REPOS:
  trunk:
    - Starscream

EXTERNAL SOURCES:
  VideoSDKRTC:
    :git: https://github.com/videosdk-live/videosdk-rtc-ios-sdk.git

CHECKOUT OPTIONS:
  VideoSDKRTC:
    :commit: f0c4bcbb682a13c6ce811eea28f9541ba632770a
    :git: https://github.com/videosdk-live/videosdk-rtc-ios-sdk.git

SPEC CHECKSUMS:
  Starscream: 5178aed56b316f13fa3bc55694e583d35dd414d9
  VideoSDKRTC: 6de588986f409419a953a042f8b7d476c340d27f

PODFILE CHECKSUM: 4ac48034274766c29919be85cd43edb66b5dcdb1

COCOAPODS: 1.11.2
