PODS:
  - Starscream (4.0.4)
  - VideoSDKRTC (1.2.1):
    - Starscream

DEPENDENCIES:
  - VideoSDKRTC (from `https://github.com/videosdk-live/videosdk-rtc-ios-sdk.git`)

SPEC REPOS:
  trunk:
    - Starscream

EXTERNAL SOURCES:
  VideoSDKRTC:
    :git: https://github.com/videosdk-live/videosdk-rtc-ios-sdk.git

CHECKOUT OPTIONS:
  VideoSDKRTC:
    :commit: 9adc03d0e7a91a773e9d51336544d8a44dab7174
    :git: https://github.com/videosdk-live/videosdk-rtc-ios-sdk.git

SPEC CHECKSUMS:
  Starscream: 5178aed56b316f13fa3bc55694e583d35dd414d9
  VideoSDKRTC: acecaab32995b44249abb6e01d27721acf1b24e6

PODFILE CHECKSUM: d25ef281720df713704de71c990d41e2aaa6e678

COCOAPODS: 1.11.2
