PODS:
  - Starscream (4.0.4)
  - VideoSDKRTC (1.1.1):
    - Starscream

DEPENDENCIES:
  - VideoSDKRTC (from `https://github.com/videosdk-live/videosdk-rtc-ios-sdk.git`)

SPEC REPOS:
  trunk:
    - Starscream

EXTERNAL SOURCES:
  VideoSDKRTC:
    :git: https://github.com/videosdk-live/videosdk-rtc-ios-sdk.git

CHECKOUT OPTIONS:
  VideoSDKRTC:
    :commit: 3b356cd8051e095b53ebf2ed88b14fd6a4168fcc
    :git: https://github.com/videosdk-live/videosdk-rtc-ios-sdk.git

SPEC CHECKSUMS:
  Starscream: 5178aed56b316f13fa3bc55694e583d35dd414d9
  VideoSDKRTC: eedd129e187e9092ba645738ec1dedba98a3a158

PODFILE CHECKSUM: d25ef281720df713704de71c990d41e2aaa6e678

COCOAPODS: 1.11.2
