// !$*UTF8*$!
{
	archiveVersion = 1;
	classes = {
	};
	objectVersion = 46;
	objects = {

/* Begin PBXBuildFile section */
		607FACD61AFB9204008FA782 /* AppDelegate.swift in Sources */ = {isa = PBXBuildFile; fileRef = 607FACD51AFB9204008FA782 /* AppDelegate.swift */; };
		607FACDD1AFB9204008FA782 /* Images.xcassets in Resources */ = {isa = PBXBuildFile; fileRef = 607FACDC1AFB9204008FA782 /* Images.xcassets */; };
		607FACE01AFB9204008FA782 /* LaunchScreen.xib in Resources */ = {isa = PBXBuildFile; fileRef = 607FACDE1AFB9204008FA782 /* LaunchScreen.xib */; };
		623A5F1C2892FCE60051F40C /* ParticipantsViewController.swift in Sources */ = {isa = PBXBuildFile; fileRef = 623A5F1B2892FCE60051F40C /* ParticipantsViewController.swift */; };
		623A5F1E2892FD1B0051F40C /* joinRoom.swift in Sources */ = {isa = PBXBuildFile; fileRef = 623A5F1D2892FD1B0051F40C /* joinRoom.swift */; };
		623A5F202892FD350051F40C /* ParticipantCellView.swift in Sources */ = {isa = PBXBuildFile; fileRef = 623A5F1F2892FD350051F40C /* ParticipantCellView.swift */; };
		623A5F22289393470051F40C /* Loader.swift in Sources */ = {isa = PBXBuildFile; fileRef = 623A5F21289393470051F40C /* Loader.swift */; };
		900CFC63365C16AC382AE1D4 /* Pods_VideoSDK_Example.framework in Frameworks */ = {isa = PBXBuildFile; fileRef = 2538F3BD0A079B17BE501311 /* Pods_VideoSDK_Example.framework */; };
		A23250C9271F2F4F00A23CCB /* AddStreamOutputiewController.swift in Sources */ = {isa = PBXBuildFile; fileRef = A23250C8271F2F4F00A23CCB /* AddStreamOutputiewController.swift */; };
		A23250CB271F2FAE00A23CCB /* AddStreamTableViewCell.swift in Sources */ = {isa = PBXBuildFile; fileRef = A23250CA271F2FAE00A23CCB /* AddStreamTableViewCell.swift */; };
		A23250CD271F37A900A23CCB /* UIViewController+Extension.swift in Sources */ = {isa = PBXBuildFile; fileRef = A23250CC271F37A900A23CCB /* UIViewController+Extension.swift */; };
		A23250D32722D42100A23CCB /* ScreenSharingView.swift in Sources */ = {isa = PBXBuildFile; fileRef = A23250D22722D42100A23CCB /* ScreenSharingView.swift */; };
		A2573BE826F1204E0087AB36 /* MeetingViewController.swift in Sources */ = {isa = PBXBuildFile; fileRef = A2573BE626F1204E0087AB36 /* MeetingViewController.swift */; };
		A2573BE926F1204E0087AB36 /* StartViewController.swift in Sources */ = {isa = PBXBuildFile; fileRef = A2573BE726F1204E0087AB36 /* StartViewController.swift */; };
		A2573BF026F120960087AB36 /* ButtonControlsView.xib in Resources */ = {isa = PBXBuildFile; fileRef = A2573BEB26F120960087AB36 /* ButtonControlsView.xib */; };
		A2573BF126F120960087AB36 /* ParticipantViewCell.swift in Sources */ = {isa = PBXBuildFile; fileRef = A2573BEC26F120960087AB36 /* ParticipantViewCell.swift */; };
		A2573BF226F120960087AB36 /* ButtonControlsView.swift in Sources */ = {isa = PBXBuildFile; fileRef = A2573BED26F120960087AB36 /* ButtonControlsView.swift */; };
		A2573BF326F120960087AB36 /* View+Extension.swift in Sources */ = {isa = PBXBuildFile; fileRef = A2573BEF26F120960087AB36 /* View+Extension.swift */; };
		A2573BF626F121270087AB36 /* Main.storyboard in Resources */ = {isa = PBXBuildFile; fileRef = A2573BF426F121270087AB36 /* Main.storyboard */; };
		A2A1D38A27266BAB00082CD8 /* APIService.swift in Sources */ = {isa = PBXBuildFile; fileRef = A2A1D38927266BAB00082CD8 /* APIService.swift */; };
		A2BF00AB27A1A1DB00772DEA /* ChatViewController.swift in Sources */ = {isa = PBXBuildFile; fileRef = A2BF00AA27A1A1DB00772DEA /* ChatViewController.swift */; };
		A2BF00AF27A1A2B100772DEA /* Message.swift in Sources */ = {isa = PBXBuildFile; fileRef = A2BF00AE27A1A2B100772DEA /* Message.swift */; };
		A2BF00B127A1A2CC00772DEA /* MeetingData.swift in Sources */ = {isa = PBXBuildFile; fileRef = A2BF00B027A1A2CC00772DEA /* MeetingData.swift */; };
		A2BF00B327A28C8100772DEA /* Date+Extension.swift in Sources */ = {isa = PBXBuildFile; fileRef = A2BF00B227A28C8100772DEA /* Date+Extension.swift */; };
		A2BF00B527A2E1EE00772DEA /* ChatUser.swift in Sources */ = {isa = PBXBuildFile; fileRef = A2BF00B427A2E1EE00772DEA /* ChatUser.swift */; };
		A2BF00B727A3DC7C00772DEA /* Constants.swift in Sources */ = {isa = PBXBuildFile; fileRef = A2BF00B627A3DC7C00772DEA /* Constants.swift */; };
		A2D244AE276E14FA002FD101 /* UIColor+Extension.swift in Sources */ = {isa = PBXBuildFile; fileRef = A2D244AD276E14FA002FD101 /* UIColor+Extension.swift */; };
		B2EDCFE427B7AADC00E61E33 /* AVAudioSession+Extension.swift in Sources */ = {isa = PBXBuildFile; fileRef = B2EDCFE327B7AADC00E61E33 /* AVAudioSession+Extension.swift */; };
/* End PBXBuildFile section */

/* Begin PBXFileReference section */
		06C2C886064125CDBD21A786 /* Pods-VideoSDK_Example.release.xcconfig */ = {isa = PBXFileReference; includeInIndex = 1; lastKnownFileType = text.xcconfig; name = "Pods-VideoSDK_Example.release.xcconfig"; path = "Target Support Files/Pods-VideoSDK_Example/Pods-VideoSDK_Example.release.xcconfig"; sourceTree = "<group>"; };
		194EEB231FC28C6F0E52641E /* Pods-VideoSDK_Example.debug.xcconfig */ = {isa = PBXFileReference; includeInIndex = 1; lastKnownFileType = text.xcconfig; name = "Pods-VideoSDK_Example.debug.xcconfig"; path = "Target Support Files/Pods-VideoSDK_Example/Pods-VideoSDK_Example.debug.xcconfig"; sourceTree = "<group>"; };
		2538F3BD0A079B17BE501311 /* Pods_VideoSDK_Example.framework */ = {isa = PBXFileReference; explicitFileType = wrapper.framework; includeInIndex = 0; path = Pods_VideoSDK_Example.framework; sourceTree = BUILT_PRODUCTS_DIR; };
		607FACD01AFB9204008FA782 /* VideoSDK_Example.app */ = {isa = PBXFileReference; explicitFileType = wrapper.application; includeInIndex = 0; path = VideoSDK_Example.app; sourceTree = BUILT_PRODUCTS_DIR; };
		607FACD41AFB9204008FA782 /* Info.plist */ = {isa = PBXFileReference; lastKnownFileType = text.plist.xml; path = Info.plist; sourceTree = "<group>"; };
		607FACD51AFB9204008FA782 /* AppDelegate.swift */ = {isa = PBXFileReference; lastKnownFileType = sourcecode.swift; path = AppDelegate.swift; sourceTree = "<group>"; };
		607FACDC1AFB9204008FA782 /* Images.xcassets */ = {isa = PBXFileReference; lastKnownFileType = folder.assetcatalog; path = Images.xcassets; sourceTree = "<group>"; };
		607FACDF1AFB9204008FA782 /* Base */ = {isa = PBXFileReference; lastKnownFileType = file.xib; name = Base; path = Base.lproj/LaunchScreen.xib; sourceTree = "<group>"; };
		607FACEA1AFB9204008FA782 /* Info.plist */ = {isa = PBXFileReference; lastKnownFileType = text.plist.xml; path = Info.plist; sourceTree = "<group>"; };
		607FACEB1AFB9204008FA782 /* Tests.swift */ = {isa = PBXFileReference; lastKnownFileType = sourcecode.swift; path = Tests.swift; sourceTree = "<group>"; };
		622101222893AE460099C6D7 /* VideoSDK_ExampleRelease.entitlements */ = {isa = PBXFileReference; lastKnownFileType = text.plist.entitlements; path = VideoSDK_ExampleRelease.entitlements; sourceTree = "<group>"; };
		623A5F1B2892FCE60051F40C /* ParticipantsViewController.swift */ = {isa = PBXFileReference; fileEncoding = 4; lastKnownFileType = sourcecode.swift; path = ParticipantsViewController.swift; sourceTree = "<group>"; };
		623A5F1D2892FD1B0051F40C /* joinRoom.swift */ = {isa = PBXFileReference; fileEncoding = 4; lastKnownFileType = sourcecode.swift; path = joinRoom.swift; sourceTree = "<group>"; };
		623A5F1F2892FD350051F40C /* ParticipantCellView.swift */ = {isa = PBXFileReference; fileEncoding = 4; lastKnownFileType = sourcecode.swift; path = ParticipantCellView.swift; sourceTree = "<group>"; };
		623A5F21289393470051F40C /* Loader.swift */ = {isa = PBXFileReference; lastKnownFileType = sourcecode.swift; path = Loader.swift; sourceTree = "<group>"; };
		623A5F23289399840051F40C /* VideoSDK_Example.entitlements */ = {isa = PBXFileReference; lastKnownFileType = text.plist.entitlements; path = VideoSDK_Example.entitlements; sourceTree = "<group>"; };
		A23250C8271F2F4F00A23CCB /* AddStreamOutputiewController.swift */ = {isa = PBXFileReference; lastKnownFileType = sourcecode.swift; path = AddStreamOutputiewController.swift; sourceTree = "<group>"; };
		A23250CA271F2FAE00A23CCB /* AddStreamTableViewCell.swift */ = {isa = PBXFileReference; lastKnownFileType = sourcecode.swift; path = AddStreamTableViewCell.swift; sourceTree = "<group>"; };
		A23250CC271F37A900A23CCB /* UIViewController+Extension.swift */ = {isa = PBXFileReference; lastKnownFileType = sourcecode.swift; path = "UIViewController+Extension.swift"; sourceTree = "<group>"; };
		A23250D22722D42100A23CCB /* ScreenSharingView.swift */ = {isa = PBXFileReference; lastKnownFileType = sourcecode.swift; path = ScreenSharingView.swift; sourceTree = "<group>"; };
		A2573BE626F1204E0087AB36 /* MeetingViewController.swift */ = {isa = PBXFileReference; fileEncoding = 4; lastKnownFileType = sourcecode.swift; path = MeetingViewController.swift; sourceTree = "<group>"; };
		A2573BE726F1204E0087AB36 /* StartViewController.swift */ = {isa = PBXFileReference; fileEncoding = 4; lastKnownFileType = sourcecode.swift; path = StartViewController.swift; sourceTree = "<group>"; };
		A2573BEB26F120960087AB36 /* ButtonControlsView.xib */ = {isa = PBXFileReference; fileEncoding = 4; lastKnownFileType = file.xib; path = ButtonControlsView.xib; sourceTree = "<group>"; };
		A2573BEC26F120960087AB36 /* ParticipantViewCell.swift */ = {isa = PBXFileReference; fileEncoding = 4; lastKnownFileType = sourcecode.swift; path = ParticipantViewCell.swift; sourceTree = "<group>"; };
		A2573BED26F120960087AB36 /* ButtonControlsView.swift */ = {isa = PBXFileReference; fileEncoding = 4; lastKnownFileType = sourcecode.swift; path = ButtonControlsView.swift; sourceTree = "<group>"; };
		A2573BEF26F120960087AB36 /* View+Extension.swift */ = {isa = PBXFileReference; fileEncoding = 4; lastKnownFileType = sourcecode.swift; path = "View+Extension.swift"; sourceTree = "<group>"; };
		A2573BF526F121270087AB36 /* Base */ = {isa = PBXFileReference; lastKnownFileType = file.storyboard; name = Base; path = Base.lproj/Main.storyboard; sourceTree = "<group>"; };
		A2A1D38927266BAB00082CD8 /* APIService.swift */ = {isa = PBXFileReference; lastKnownFileType = sourcecode.swift; path = APIService.swift; sourceTree = "<group>"; };
		A2BF00AA27A1A1DB00772DEA /* ChatViewController.swift */ = {isa = PBXFileReference; lastKnownFileType = sourcecode.swift; path = ChatViewController.swift; sourceTree = "<group>"; };
		A2BF00AE27A1A2B100772DEA /* Message.swift */ = {isa = PBXFileReference; lastKnownFileType = sourcecode.swift; path = Message.swift; sourceTree = "<group>"; };
		A2BF00B027A1A2CC00772DEA /* MeetingData.swift */ = {isa = PBXFileReference; lastKnownFileType = sourcecode.swift; path = MeetingData.swift; sourceTree = "<group>"; };
		A2BF00B227A28C8100772DEA /* Date+Extension.swift */ = {isa = PBXFileReference; lastKnownFileType = sourcecode.swift; path = "Date+Extension.swift"; sourceTree = "<group>"; };
		A2BF00B427A2E1EE00772DEA /* ChatUser.swift */ = {isa = PBXFileReference; lastKnownFileType = sourcecode.swift; path = ChatUser.swift; sourceTree = "<group>"; };
		A2BF00B627A3DC7C00772DEA /* Constants.swift */ = {isa = PBXFileReference; lastKnownFileType = sourcecode.swift; path = Constants.swift; sourceTree = "<group>"; };
		A2D244AD276E14FA002FD101 /* UIColor+Extension.swift */ = {isa = PBXFileReference; lastKnownFileType = sourcecode.swift; path = "UIColor+Extension.swift"; sourceTree = "<group>"; };
		B2EDCFE327B7AADC00E61E33 /* AVAudioSession+Extension.swift */ = {isa = PBXFileReference; lastKnownFileType = sourcecode.swift; path = "AVAudioSession+Extension.swift"; sourceTree = "<group>"; };
/* End PBXFileReference section */

/* Begin PBXFrameworksBuildPhase section */
		607FACCD1AFB9204008FA782 /* Frameworks */ = {
			isa = PBXFrameworksBuildPhase;
			buildActionMask = 2147483647;
			files = (
				900CFC63365C16AC382AE1D4 /* Pods_VideoSDK_Example.framework in Frameworks */,
			);
			runOnlyForDeploymentPostprocessing = 0;
		};
/* End PBXFrameworksBuildPhase section */

/* Begin PBXGroup section */
		45B29623A1997510A06D2ADF /* Frameworks */ = {
			isa = PBXGroup;
			children = (
				2538F3BD0A079B17BE501311 /* Pods_VideoSDK_Example.framework */,
			);
			name = Frameworks;
			sourceTree = "<group>";
		};
		607FACC71AFB9204008FA782 = {
			isa = PBXGroup;
			children = (
				622101222893AE460099C6D7 /* VideoSDK_ExampleRelease.entitlements */,
				623A5F23289399840051F40C /* VideoSDK_Example.entitlements */,
				607FACD21AFB9204008FA782 /* Example for VideoSDK */,
				607FACE81AFB9204008FA782 /* Tests */,
				607FACD11AFB9204008FA782 /* Products */,
				E2240E987A1E435062F3F097 /* Pods */,
				45B29623A1997510A06D2ADF /* Frameworks */,
			);
			sourceTree = "<group>";
		};
		607FACD11AFB9204008FA782 /* Products */ = {
			isa = PBXGroup;
			children = (
				607FACD01AFB9204008FA782 /* VideoSDK_Example.app */,
			);
			name = Products;
			sourceTree = "<group>";
		};
		607FACD21AFB9204008FA782 /* Example for VideoSDK */ = {
			isa = PBXGroup;
			children = (
				607FACD51AFB9204008FA782 /* AppDelegate.swift */,
				A2A1D38827266BA100082CD8 /* API */,
				A2BF00AD27A1A2A700772DEA /* Models */,
				A2BF00AC27A1A29900772DEA /* Screens */,
				A2573BEA26F120960087AB36 /* Views */,
				A2573BEE26F120960087AB36 /* Extensions */,
				A2573BF426F121270087AB36 /* Main.storyboard */,
				607FACDC1AFB9204008FA782 /* Images.xcassets */,
				607FACDE1AFB9204008FA782 /* LaunchScreen.xib */,
				607FACD31AFB9204008FA782 /* Supporting Files */,
			);
			name = "Example for VideoSDK";
			path = VideoSDK;
			sourceTree = "<group>";
		};
		607FACD31AFB9204008FA782 /* Supporting Files */ = {
			isa = PBXGroup;
			children = (
				607FACD41AFB9204008FA782 /* Info.plist */,
			);
			name = "Supporting Files";
			sourceTree = "<group>";
		};
		607FACE81AFB9204008FA782 /* Tests */ = {
			isa = PBXGroup;
			children = (
				607FACEB1AFB9204008FA782 /* Tests.swift */,
				607FACE91AFB9204008FA782 /* Supporting Files */,
			);
			path = Tests;
			sourceTree = "<group>";
		};
		607FACE91AFB9204008FA782 /* Supporting Files */ = {
			isa = PBXGroup;
			children = (
				607FACEA1AFB9204008FA782 /* Info.plist */,
			);
			name = "Supporting Files";
			sourceTree = "<group>";
		};
		A2573BEA26F120960087AB36 /* Views */ = {
			isa = PBXGroup;
			children = (
				623A5F1F2892FD350051F40C /* ParticipantCellView.swift */,
				A2573BEC26F120960087AB36 /* ParticipantViewCell.swift */,
				A2573BED26F120960087AB36 /* ButtonControlsView.swift */,
				A2573BEB26F120960087AB36 /* ButtonControlsView.xib */,
				A23250CA271F2FAE00A23CCB /* AddStreamTableViewCell.swift */,
				A23250D22722D42100A23CCB /* ScreenSharingView.swift */,
				623A5F21289393470051F40C /* Loader.swift */,
			);
			path = Views;
			sourceTree = "<group>";
		};
		A2573BEE26F120960087AB36 /* Extensions */ = {
			isa = PBXGroup;
			children = (
				A2573BEF26F120960087AB36 /* View+Extension.swift */,
				A23250CC271F37A900A23CCB /* UIViewController+Extension.swift */,
				A2D244AD276E14FA002FD101 /* UIColor+Extension.swift */,
				A2BF00B227A28C8100772DEA /* Date+Extension.swift */,
				B2EDCFE327B7AADC00E61E33 /* AVAudioSession+Extension.swift */,
			);
			path = Extensions;
			sourceTree = "<group>";
		};
		A2A1D38827266BA100082CD8 /* API */ = {
			isa = PBXGroup;
			children = (
				A2A1D38927266BAB00082CD8 /* APIService.swift */,
				A2BF00B627A3DC7C00772DEA /* Constants.swift */,
			);
			path = API;
			sourceTree = "<group>";
		};
		A2BF00AC27A1A29900772DEA /* Screens */ = {
			isa = PBXGroup;
			children = (
				623A5F1B2892FCE60051F40C /* ParticipantsViewController.swift */,
				A2573BE726F1204E0087AB36 /* StartViewController.swift */,
				A2573BE626F1204E0087AB36 /* MeetingViewController.swift */,
				A2BF00AA27A1A1DB00772DEA /* ChatViewController.swift */,
				A23250C8271F2F4F00A23CCB /* AddStreamOutputiewController.swift */,
			);
			path = Screens;
			sourceTree = "<group>";
		};
		A2BF00AD27A1A2A700772DEA /* Models */ = {
			isa = PBXGroup;
			children = (
				623A5F1D2892FD1B0051F40C /* joinRoom.swift */,
				A2BF00B027A1A2CC00772DEA /* MeetingData.swift */,
				A2BF00AE27A1A2B100772DEA /* Message.swift */,
				A2BF00B427A2E1EE00772DEA /* ChatUser.swift */,
			);
			path = Models;
			sourceTree = "<group>";
		};
		E2240E987A1E435062F3F097 /* Pods */ = {
			isa = PBXGroup;
			children = (
				194EEB231FC28C6F0E52641E /* Pods-VideoSDK_Example.debug.xcconfig */,
				06C2C886064125CDBD21A786 /* Pods-VideoSDK_Example.release.xcconfig */,
			);
			path = Pods;
			sourceTree = "<group>";
		};
/* End PBXGroup section */

/* Begin PBXNativeTarget section */
		607FACCF1AFB9204008FA782 /* VideoSDK_Example */ = {
			isa = PBXNativeTarget;
			buildConfigurationList = 607FACEF1AFB9204008FA782 /* Build configuration list for PBXNativeTarget "VideoSDK_Example" */;
			buildPhases = (
				0DE92C81800FB1A7F9A22F24 /* [CP] Check Pods Manifest.lock */,
				607FACCC1AFB9204008FA782 /* Sources */,
				607FACCD1AFB9204008FA782 /* Frameworks */,
				607FACCE1AFB9204008FA782 /* Resources */,
				D8F43506BCA22B05635659CE /* [CP] Embed Pods Frameworks */,
			);
			buildRules = (
			);
			dependencies = (
			);
			name = VideoSDK_Example;
			productName = VideoSDK;
			productReference = 607FACD01AFB9204008FA782 /* VideoSDK_Example.app */;
			productType = "com.apple.product-type.application";
		};
/* End PBXNativeTarget section */

/* Begin PBXProject section */
		607FACC81AFB9204008FA782 /* Project object */ = {
			isa = PBXProject;
			attributes = {
				LastSwiftUpdateCheck = 0830;
				LastUpgradeCheck = 1250;
				ORGANIZATIONNAME = CocoaPods;
				TargetAttributes = {
					607FACCF1AFB9204008FA782 = {
						CreatedOnToolsVersion = 6.3.1;
						DevelopmentTeam = 8GZ776NSU2;
						LastSwiftMigration = 1250;
					};
				};
			};
			buildConfigurationList = 607FACCB1AFB9204008FA782 /* Build configuration list for PBXProject "VideoSDK" */;
			compatibilityVersion = "Xcode 3.2";
			developmentRegion = en;
			hasScannedForEncodings = 0;
			knownRegions = (
				en,
				Base,
			);
			mainGroup = 607FACC71AFB9204008FA782;
			productRefGroup = 607FACD11AFB9204008FA782 /* Products */;
			projectDirPath = "";
			projectRoot = "";
			targets = (
				607FACCF1AFB9204008FA782 /* VideoSDK_Example */,
			);
		};
/* End PBXProject section */

/* Begin PBXResourcesBuildPhase section */
		607FACCE1AFB9204008FA782 /* Resources */ = {
			isa = PBXResourcesBuildPhase;
			buildActionMask = 2147483647;
			files = (
				607FACE01AFB9204008FA782 /* LaunchScreen.xib in Resources */,
				A2573BF026F120960087AB36 /* ButtonControlsView.xib in Resources */,
				607FACDD1AFB9204008FA782 /* Images.xcassets in Resources */,
				A2573BF626F121270087AB36 /* Main.storyboard in Resources */,
			);
			runOnlyForDeploymentPostprocessing = 0;
		};
/* End PBXResourcesBuildPhase section */

/* Begin PBXShellScriptBuildPhase section */
		0DE92C81800FB1A7F9A22F24 /* [CP] Check Pods Manifest.lock */ = {
			isa = PBXShellScriptBuildPhase;
			buildActionMask = 2147483647;
			files = (
			);
			inputFileListPaths = (
			);
			inputPaths = (
				"${PODS_PODFILE_DIR_PATH}/Podfile.lock",
				"${PODS_ROOT}/Manifest.lock",
			);
			name = "[CP] Check Pods Manifest.lock";
			outputFileListPaths = (
			);
			outputPaths = (
				"$(DERIVED_FILE_DIR)/Pods-VideoSDK_Example-checkManifestLockResult.txt",
			);
			runOnlyForDeploymentPostprocessing = 0;
			shellPath = /bin/sh;
			shellScript = "diff \"${PODS_PODFILE_DIR_PATH}/Podfile.lock\" \"${PODS_ROOT}/Manifest.lock\" > /dev/null\nif [ $? != 0 ] ; then\n    # print error to STDERR\n    echo \"error: The sandbox is not in sync with the Podfile.lock. Run 'pod install' or update your CocoaPods installation.\" >&2\n    exit 1\nfi\n# This output is used by Xcode 'outputs' to avoid re-running this script phase.\necho \"SUCCESS\" > \"${SCRIPT_OUTPUT_FILE_0}\"\n";
			showEnvVarsInLog = 0;
		};
		D8F43506BCA22B05635659CE /* [CP] Embed Pods Frameworks */ = {
			isa = PBXShellScriptBuildPhase;
			buildActionMask = 2147483647;
			files = (
			);
			inputPaths = (
				"${PODS_ROOT}/Target Support Files/Pods-VideoSDK_Example/Pods-VideoSDK_Example-frameworks.sh",
				"${BUILT_PRODUCTS_DIR}/InputBarAccessoryView/InputBarAccessoryView.framework",
				"${BUILT_PRODUCTS_DIR}/MessageKit/MessageKit.framework",
				"${BUILT_PRODUCTS_DIR}/Starscream/Starscream.framework",
				"${PODS_XCFRAMEWORKS_BUILD_DIR}/VideoSDKRTC/VideoSDKRTC.framework/VideoSDKRTC",
				"${PODS_XCFRAMEWORKS_BUILD_DIR}/VideoSDKRTC/vl_mediasoup_client_ios.framework/vl_mediasoup_client_ios",
				"${PODS_XCFRAMEWORKS_BUILD_DIR}/VideoSDKRTC/WebRTC.framework/WebRTC",
			);
			name = "[CP] Embed Pods Frameworks";
			outputPaths = (
				"${TARGET_BUILD_DIR}/${FRAMEWORKS_FOLDER_PATH}/InputBarAccessoryView.framework",
				"${TARGET_BUILD_DIR}/${FRAMEWORKS_FOLDER_PATH}/MessageKit.framework",
				"${TARGET_BUILD_DIR}/${FRAMEWORKS_FOLDER_PATH}/Starscream.framework",
				"${TARGET_BUILD_DIR}/${FRAMEWORKS_FOLDER_PATH}/VideoSDKRTC.framework",
				"${TARGET_BUILD_DIR}/${FRAMEWORKS_FOLDER_PATH}/vl_mediasoup_client_ios.framework",
				"${TARGET_BUILD_DIR}/${FRAMEWORKS_FOLDER_PATH}/WebRTC.framework",
			);
			runOnlyForDeploymentPostprocessing = 0;
			shellPath = /bin/sh;
			shellScript = "\"${PODS_ROOT}/Target Support Files/Pods-VideoSDK_Example/Pods-VideoSDK_Example-frameworks.sh\"\n";
			showEnvVarsInLog = 0;
		};
/* End PBXShellScriptBuildPhase section */

/* Begin PBXSourcesBuildPhase section */
		607FACCC1AFB9204008FA782 /* Sources */ = {
			isa = PBXSourcesBuildPhase;
			buildActionMask = 2147483647;
			files = (
				A23250CD271F37A900A23CCB /* UIViewController+Extension.swift in Sources */,
				A2573BF226F120960087AB36 /* ButtonControlsView.swift in Sources */,
				A2573BE826F1204E0087AB36 /* MeetingViewController.swift in Sources */,
				623A5F22289393470051F40C /* Loader.swift in Sources */,
				A2BF00B127A1A2CC00772DEA /* MeetingData.swift in Sources */,
				623A5F1C2892FCE60051F40C /* ParticipantsViewController.swift in Sources */,
				A2BF00B527A2E1EE00772DEA /* ChatUser.swift in Sources */,
				A2D244AE276E14FA002FD101 /* UIColor+Extension.swift in Sources */,
				A2BF00B327A28C8100772DEA /* Date+Extension.swift in Sources */,
				623A5F202892FD350051F40C /* ParticipantCellView.swift in Sources */,
				A23250D32722D42100A23CCB /* ScreenSharingView.swift in Sources */,
				A2A1D38A27266BAB00082CD8 /* APIService.swift in Sources */,
				A2573BE926F1204E0087AB36 /* StartViewController.swift in Sources */,
				A2573BF126F120960087AB36 /* ParticipantViewCell.swift in Sources */,
				B2EDCFE427B7AADC00E61E33 /* AVAudioSession+Extension.swift in Sources */,
				A2573BF326F120960087AB36 /* View+Extension.swift in Sources */,
				A2BF00AB27A1A1DB00772DEA /* ChatViewController.swift in Sources */,
				607FACD61AFB9204008FA782 /* AppDelegate.swift in Sources */,
				A23250C9271F2F4F00A23CCB /* AddStreamOutputiewController.swift in Sources */,
				A23250CB271F2FAE00A23CCB /* AddStreamTableViewCell.swift in Sources */,
				A2BF00AF27A1A2B100772DEA /* Message.swift in Sources */,
				A2BF00B727A3DC7C00772DEA /* Constants.swift in Sources */,
				623A5F1E2892FD1B0051F40C /* joinRoom.swift in Sources */,
			);
			runOnlyForDeploymentPostprocessing = 0;
		};
/* End PBXSourcesBuildPhase section */

/* Begin PBXVariantGroup section */
		607FACDE1AFB9204008FA782 /* LaunchScreen.xib */ = {
			isa = PBXVariantGroup;
			children = (
				607FACDF1AFB9204008FA782 /* Base */,
			);
			name = LaunchScreen.xib;
			sourceTree = "<group>";
		};
		A2573BF426F121270087AB36 /* Main.storyboard */ = {
			isa = PBXVariantGroup;
			children = (
				A2573BF526F121270087AB36 /* Base */,
			);
			name = Main.storyboard;
			sourceTree = "<group>";
		};
/* End PBXVariantGroup section */

/* Begin XCBuildConfiguration section */
		607FACED1AFB9204008FA782 /* Debug */ = {
			isa = XCBuildConfiguration;
			buildSettings = {
				ALWAYS_SEARCH_USER_PATHS = NO;
				CLANG_CXX_LANGUAGE_STANDARD = "gnu++0x";
				CLANG_CXX_LIBRARY = "libc++";
				CLANG_ENABLE_MODULES = YES;
				CLANG_ENABLE_OBJC_ARC = YES;
				CLANG_WARN_BLOCK_CAPTURE_AUTORELEASING = YES;
				CLANG_WARN_BOOL_CONVERSION = YES;
				CLANG_WARN_COMMA = YES;
				CLANG_WARN_CONSTANT_CONVERSION = YES;
				CLANG_WARN_DEPRECATED_OBJC_IMPLEMENTATIONS = YES;
				CLANG_WARN_DIRECT_OBJC_ISA_USAGE = YES_ERROR;
				CLANG_WARN_EMPTY_BODY = YES;
				CLANG_WARN_ENUM_CONVERSION = YES;
				CLANG_WARN_INFINITE_RECURSION = YES;
				CLANG_WARN_INT_CONVERSION = YES;
				CLANG_WARN_NON_LITERAL_NULL_CONVERSION = YES;
				CLANG_WARN_OBJC_IMPLICIT_RETAIN_SELF = YES;
				CLANG_WARN_OBJC_LITERAL_CONVERSION = YES;
				CLANG_WARN_OBJC_ROOT_CLASS = YES_ERROR;
				CLANG_WARN_QUOTED_INCLUDE_IN_FRAMEWORK_HEADER = YES;
				CLANG_WARN_RANGE_LOOP_ANALYSIS = YES;
				CLANG_WARN_STRICT_PROTOTYPES = YES;
				CLANG_WARN_SUSPICIOUS_MOVE = YES;
				CLANG_WARN_UNREACHABLE_CODE = YES;
				CLANG_WARN__DUPLICATE_METHOD_MATCH = YES;
				"CODE_SIGN_IDENTITY[sdk=iphoneos*]" = "iPhone Developer";
				COPY_PHASE_STRIP = NO;
				DEBUG_INFORMATION_FORMAT = "dwarf-with-dsym";
				ENABLE_STRICT_OBJC_MSGSEND = YES;
				ENABLE_TESTABILITY = YES;
				GCC_C_LANGUAGE_STANDARD = gnu99;
				GCC_DYNAMIC_NO_PIC = NO;
				GCC_NO_COMMON_BLOCKS = YES;
				GCC_OPTIMIZATION_LEVEL = 0;
				GCC_PREPROCESSOR_DEFINITIONS = (
					"DEBUG=1",
					"$(inherited)",
				);
				GCC_SYMBOLS_PRIVATE_EXTERN = NO;
				GCC_WARN_64_TO_32_BIT_CONVERSION = YES;
				GCC_WARN_ABOUT_RETURN_TYPE = YES_ERROR;
				GCC_WARN_UNDECLARED_SELECTOR = YES;
				GCC_WARN_UNINITIALIZED_AUTOS = YES_AGGRESSIVE;
				GCC_WARN_UNUSED_FUNCTION = YES;
				GCC_WARN_UNUSED_VARIABLE = YES;
				IPHONEOS_DEPLOYMENT_TARGET = 12.0;
				MTL_ENABLE_DEBUG_INFO = YES;
				ONLY_ACTIVE_ARCH = YES;
				SDKROOT = iphoneos;
				SWIFT_OPTIMIZATION_LEVEL = "-Onone";
			};
			name = Debug;
		};
		607FACEE1AFB9204008FA782 /* Release */ = {
			isa = XCBuildConfiguration;
			buildSettings = {
				ALWAYS_SEARCH_USER_PATHS = NO;
				CLANG_CXX_LANGUAGE_STANDARD = "gnu++0x";
				CLANG_CXX_LIBRARY = "libc++";
				CLANG_ENABLE_MODULES = YES;
				CLANG_ENABLE_OBJC_ARC = YES;
				CLANG_WARN_BLOCK_CAPTURE_AUTORELEASING = YES;
				CLANG_WARN_BOOL_CONVERSION = YES;
				CLANG_WARN_COMMA = YES;
				CLANG_WARN_CONSTANT_CONVERSION = YES;
				CLANG_WARN_DEPRECATED_OBJC_IMPLEMENTATIONS = YES;
				CLANG_WARN_DIRECT_OBJC_ISA_USAGE = YES_ERROR;
				CLANG_WARN_EMPTY_BODY = YES;
				CLANG_WARN_ENUM_CONVERSION = YES;
				CLANG_WARN_INFINITE_RECURSION = YES;
				CLANG_WARN_INT_CONVERSION = YES;
				CLANG_WARN_NON_LITERAL_NULL_CONVERSION = YES;
				CLANG_WARN_OBJC_IMPLICIT_RETAIN_SELF = YES;
				CLANG_WARN_OBJC_LITERAL_CONVERSION = YES;
				CLANG_WARN_OBJC_ROOT_CLASS = YES_ERROR;
				CLANG_WARN_QUOTED_INCLUDE_IN_FRAMEWORK_HEADER = YES;
				CLANG_WARN_RANGE_LOOP_ANALYSIS = YES;
				CLANG_WARN_STRICT_PROTOTYPES = YES;
				CLANG_WARN_SUSPICIOUS_MOVE = YES;
				CLANG_WARN_UNREACHABLE_CODE = YES;
				CLANG_WARN__DUPLICATE_METHOD_MATCH = YES;
				"CODE_SIGN_IDENTITY[sdk=iphoneos*]" = "iPhone Developer";
				COPY_PHASE_STRIP = NO;
				DEBUG_INFORMATION_FORMAT = "dwarf-with-dsym";
				ENABLE_NS_ASSERTIONS = NO;
				ENABLE_STRICT_OBJC_MSGSEND = YES;
				GCC_C_LANGUAGE_STANDARD = gnu99;
				GCC_NO_COMMON_BLOCKS = YES;
				GCC_WARN_64_TO_32_BIT_CONVERSION = YES;
				GCC_WARN_ABOUT_RETURN_TYPE = YES_ERROR;
				GCC_WARN_UNDECLARED_SELECTOR = YES;
				GCC_WARN_UNINITIALIZED_AUTOS = YES_AGGRESSIVE;
				GCC_WARN_UNUSED_FUNCTION = YES;
				GCC_WARN_UNUSED_VARIABLE = YES;
				IPHONEOS_DEPLOYMENT_TARGET = 12.0;
				MTL_ENABLE_DEBUG_INFO = NO;
				SDKROOT = iphoneos;
				SWIFT_OPTIMIZATION_LEVEL = "-Owholemodule";
				VALIDATE_PRODUCT = YES;
			};
			name = Release;
		};
		607FACF01AFB9204008FA782 /* Debug */ = {
			isa = XCBuildConfiguration;
			baseConfigurationReference = 194EEB231FC28C6F0E52641E /* Pods-VideoSDK_Example.debug.xcconfig */;
			buildSettings = {
				ASSETCATALOG_COMPILER_APPICON_NAME = AppIcon;
				CODE_SIGN_ENTITLEMENTS = VideoSDK_Example.entitlements;
				CURRENT_PROJECT_VERSION = 3;
				DEVELOPMENT_TEAM = 8GZ776NSU2;
				INFOPLIST_FILE = VideoSDK/Info.plist;
				IPHONEOS_DEPLOYMENT_TARGET = 13.0;
				LD_RUNPATH_SEARCH_PATHS = "$(inherited) @executable_path/Frameworks";
				MARKETING_VERSION = 1.2.8;
				MODULE_NAME = ExampleApp;
				PRODUCT_BUNDLE_IDENTIFIER = com.zujo.videosdk.example;
				PRODUCT_NAME = "$(TARGET_NAME)";
				SKIP_INSTALL = NO;
				SWIFT_SWIFT3_OBJC_INFERENCE = Default;
				SWIFT_VERSION = 5.0;
				TARGETED_DEVICE_FAMILY = "1,2";
			};
			name = Debug;
		};
		607FACF11AFB9204008FA782 /* Release */ = {
			isa = XCBuildConfiguration;
			baseConfigurationReference = 06C2C886064125CDBD21A786 /* Pods-VideoSDK_Example.release.xcconfig */;
			buildSettings = {
				ASSETCATALOG_COMPILER_APPICON_NAME = AppIcon;
				CODE_SIGN_ENTITLEMENTS = VideoSDK_ExampleRelease.entitlements;
				CODE_SIGN_IDENTITY = "iPhone Distribution";
				CODE_SIGN_STYLE = Manual;
				CURRENT_PROJECT_VERSION = 3;
				DEVELOPMENT_TEAM = 8GZ776NSU2;
				INFOPLIST_FILE = VideoSDK/Info.plist;
				IPHONEOS_DEPLOYMENT_TARGET = 13.0;
				LD_RUNPATH_SEARCH_PATHS = "$(inherited) @executable_path/Frameworks";
				MARKETING_VERSION = 1.2.8;
				MODULE_NAME = ExampleApp;
				PRODUCT_BUNDLE_IDENTIFIER = com.zujo.videosdk.example;
				PRODUCT_NAME = "$(TARGET_NAME)";
				PROVISIONING_PROFILE_SPECIFIER = "Native iOS Example";
				SKIP_INSTALL = NO;
				SWIFT_SWIFT3_OBJC_INFERENCE = Default;
				SWIFT_VERSION = 5.0;
				TARGETED_DEVICE_FAMILY = "1,2";
			};
			name = Release;
		};
/* End XCBuildConfiguration section */

/* Begin XCConfigurationList section */
		607FACCB1AFB9204008FA782 /* Build configuration list for PBXProject "VideoSDK" */ = {
			isa = XCConfigurationList;
			buildConfigurations = (
				607FACED1AFB9204008FA782 /* Debug */,
				607FACEE1AFB9204008FA782 /* Release */,
			);
			defaultConfigurationIsVisible = 0;
			defaultConfigurationName = Release;
		};
		607FACEF1AFB9204008FA782 /* Build configuration list for PBXNativeTarget "VideoSDK_Example" */ = {
			isa = XCConfigurationList;
			buildConfigurations = (
				607FACF01AFB9204008FA782 /* Debug */,
				607FACF11AFB9204008FA782 /* Release */,
			);
			defaultConfigurationIsVisible = 0;
			defaultConfigurationName = Release;
		};
/* End XCConfigurationList section */
	};
	rootObject = 607FACC81AFB9204008FA782 /* Project object */;
}
